
Microsoft Visual Studio Solution File, Format Version 12.00
# Visual Studio Version 16
VisualStudioVersion = 16.0.30104.148
MinimumVisualStudioVersion = 10.0.40219.1
Project("{FAE04EC0-301F-11D3-BF4B-00C04F79EFBC}") = "WindowsFormsApp1", "WindowsFormsApp1\WindowsFormsApp1.csproj", "{61391D0E-4EDF-4ED4-98D8-E09811DB64AF}"
EndProject
Global
	GlobalSection(SolutionConfigurationPlatforms) = preSolution
		Debug|Any CPU = Debug|Any CPU
		Release|Any CPU = Release|Any CPU
	EndGlobalSection
	GlobalSection(ProjectConfigurationPlatforms) = postSolution
		{61391D0E-4EDF-4ED4-98D8-E09811DB64AF}.Debug|Any CPU.ActiveCfg = Debug|Any CPU
		{61391D0E-4EDF-4ED4-98D8-E09811DB64AF}.Debug|Any CPU.Build.0 = Debug|Any CPU
		{61391D0E-4EDF-4ED4-98D8-E09811DB64AF}.Release|Any CPU.ActiveCfg = Release|Any CPU
		{61391D0E-4EDF-4ED4-98D8-E09811DB64AF}.Release|Any CPU.Build.0 = Release|Any CPU
	EndGlobalSection
	GlobalSection(SolutionProperties) = preSolution
		HideSolutionNode = FALSE
	EndGlobalSection
	GlobalSection(ExtensibilityGlobals) = postSolution
		SolutionGuid = {87E8B6B2-A7F3-4C1A-A892-434F0C6296C9}
	EndGlobalSection
EndGlobal
